
Microsoft Visual Studio Solution File, Format Version 12.00
Project("{FAE04EC0-301F-11D3-BF4B-00C04F79EFBC}") = "VoiceMaster", "VoiceMaster\VoiceMaster.csproj", "{3FED633D-9066-493F-82F2-DB4A8F40BD85}"
EndProject
Project("{FAE04EC0-301F-11D3-BF4B-00C04F79EFBC}") = "Logger", "..\Logger\Logger\Logger.csproj", "{3721DF8A-DD05-49E1-A4C7-A5368BCDED04}"
EndProject
Project("{FAE04EC0-301F-11D3-BF4B-00C04F79EFBC}") = "Config", "..\Config\Config\Config.csproj", "{2E168E49-031B-42CF-9571-DD538B187F0F}"
EndProject
Project("{FAE04EC0-301F-11D3-BF4B-00C04F79EFBC}") = "Database", "..\Database\Database\Database.csproj", "{C467C48E-0A54-4BC3-9319-1E1AA67F3022}"
EndProject
Project("{FAE04EC0-301F-11D3-BF4B-00C04F79EFBC}") = "DiscordBot", "DiscordBot\DiscordBot.csproj", "{C282BF1B-D255-4C73-A48B-F95096970462}"
EndProject
Global
	GlobalSection(SolutionConfigurationPlatforms) = preSolution
		Debug|Any CPU = Debug|Any CPU
		Release|Any CPU = Release|Any CPU
	EndGlobalSection
	GlobalSection(ProjectConfigurationPlatforms) = postSolution
		{3FED633D-9066-493F-82F2-DB4A8F40BD85}.Debug|Any CPU.ActiveCfg = Debug|Any CPU
		{3FED633D-9066-493F-82F2-DB4A8F40BD85}.Debug|Any CPU.Build.0 = Debug|Any CPU
		{3FED633D-9066-493F-82F2-DB4A8F40BD85}.Release|Any CPU.ActiveCfg = Release|Any CPU
		{3FED633D-9066-493F-82F2-DB4A8F40BD85}.Release|Any CPU.Build.0 = Release|Any CPU
		{3721DF8A-DD05-49E1-A4C7-A5368BCDED04}.Debug|Any CPU.ActiveCfg = Debug|Any CPU
		{3721DF8A-DD05-49E1-A4C7-A5368BCDED04}.Debug|Any CPU.Build.0 = Debug|Any CPU
		{3721DF8A-DD05-49E1-A4C7-A5368BCDED04}.Release|Any CPU.ActiveCfg = Release|Any CPU
		{3721DF8A-DD05-49E1-A4C7-A5368BCDED04}.Release|Any CPU.Build.0 = Release|Any CPU
		{2E168E49-031B-42CF-9571-DD538B187F0F}.Debug|Any CPU.ActiveCfg = Debug|Any CPU
		{2E168E49-031B-42CF-9571-DD538B187F0F}.Debug|Any CPU.Build.0 = Debug|Any CPU
		{2E168E49-031B-42CF-9571-DD538B187F0F}.Release|Any CPU.ActiveCfg = Release|Any CPU
		{2E168E49-031B-42CF-9571-DD538B187F0F}.Release|Any CPU.Build.0 = Release|Any CPU
		{C467C48E-0A54-4BC3-9319-1E1AA67F3022}.Debug|Any CPU.ActiveCfg = Debug|Any CPU
		{C467C48E-0A54-4BC3-9319-1E1AA67F3022}.Debug|Any CPU.Build.0 = Debug|Any CPU
		{C467C48E-0A54-4BC3-9319-1E1AA67F3022}.Release|Any CPU.ActiveCfg = Release|Any CPU
		{C467C48E-0A54-4BC3-9319-1E1AA67F3022}.Release|Any CPU.Build.0 = Release|Any CPU
		{C282BF1B-D255-4C73-A48B-F95096970462}.Debug|Any CPU.ActiveCfg = Debug|Any CPU
		{C282BF1B-D255-4C73-A48B-F95096970462}.Debug|Any CPU.Build.0 = Debug|Any CPU
		{C282BF1B-D255-4C73-A48B-F95096970462}.Release|Any CPU.ActiveCfg = Release|Any CPU
		{C282BF1B-D255-4C73-A48B-F95096970462}.Release|Any CPU.Build.0 = Release|Any CPU
	EndGlobalSection
EndGlobal
